Microsoft Visual Studio Solution File, Format Version 12.00
# Visual Studio Version 17
VisualStudioVersion = 17.5.2.0
MinimumVisualStudioVersion = 10.0.40219.1
Project("{FAE04EC0-301F-11D3-BF4B-00C04F79EFBC}") = "vazifaMenejeri", "vazifaMenejeri.csproj", "{F1EFFBEC-5D6F-D5CC-AECE-3E517865DCBD}"
EndProject
Global
	GlobalSection(SolutionConfigurationPlatforms) = preSolution
		Debug|Any CPU = Debug|Any CPU
		Release|Any CPU = Release|Any CPU
	EndGlobalSection
	GlobalSection(ProjectConfigurationPlatforms) = postSolution
		{F1EFFBEC-5D6F-D5CC-AECE-3E517865DCBD}.Debug|Any CPU.ActiveCfg = Debug|Any CPU
		{F1EFFBEC-5D6F-D5CC-AECE-3E517865DCBD}.Debug|Any CPU.Build.0 = Debug|Any CPU
		{F1EFFBEC-5D6F-D5CC-AECE-3E517865DCBD}.Release|Any CPU.ActiveCfg = Release|Any CPU
		{F1EFFBEC-5D6F-D5CC-AECE-3E517865DCBD}.Release|Any CPU.Build.0 = Release|Any CPU
	EndGlobalSection
	GlobalSection(SolutionProperties) = preSolution
		HideSolutionNode = FALSE
	EndGlobalSection
	GlobalSection(ExtensibilityGlobals) = postSolution
		SolutionGuid = {6C5A19E3-42A5-41E3-B1E2-F8D1BAD02C3A}
	EndGlobalSection
EndGlobal
